
Microsoft Visual Studio Solution File, Format Version 12.00
# Visual Studio 15
VisualStudioVersion = 15.0.28307.572
MinimumVisualStudioVersion = 10.0.40219.1
Project("{FAE04EC0-301F-11D3-BF4B-00C04F79EFBC}") = "LogoSoftWebAPI", "LogoSoftWebAPI\LogoSoftWebAPI.csproj", "{4BBF5DBB-F623-480F-87DF-68B00C6BCBC8}"
EndProject
Global
	GlobalSection(SolutionConfigurationPlatforms) = preSolution
		Debug|Any CPU = Debug|Any CPU
		Release|Any CPU = Release|Any CPU
	EndGlobalSection
	GlobalSection(ProjectConfigurationPlatforms) = postSolution
		{4BBF5DBB-F623-480F-87DF-68B00C6BCBC8}.Debug|Any CPU.ActiveCfg = Debug|Any CPU
		{4BBF5DBB-F623-480F-87DF-68B00C6BCBC8}.Debug|Any CPU.Build.0 = Debug|Any CPU
		{4BBF5DBB-F623-480F-87DF-68B00C6BCBC8}.Release|Any CPU.ActiveCfg = Release|Any CPU
		{4BBF5DBB-F623-480F-87DF-68B00C6BCBC8}.Release|Any CPU.Build.0 = Release|Any CPU
	EndGlobalSection
	GlobalSection(SolutionProperties) = preSolution
		HideSolutionNode = FALSE
	EndGlobalSection
	GlobalSection(ExtensibilityGlobals) = postSolution
		SolutionGuid = {066E2509-717F-4454-8A23-E4C824D85685}
	EndGlobalSection
EndGlobal
